
Microsoft Visual Studio Solution File, Format Version 12.00
Project("{FAE04EC0-301F-11D3-BF4B-00C04F79EFBC}") = "Common", "Common\Common.csproj", "{8056A6A4-2376-4297-93B4-3C0C73E6572F}"
EndProject
Project("{FAE04EC0-301F-11D3-BF4B-00C04F79EFBC}") = "Admin", "Admin\Admin.csproj", "{83D4A127-5534-4209-9A8C-FFFA25866F52}"
EndProject
Project("{FAE04EC0-301F-11D3-BF4B-00C04F79EFBC}") = "StateMachine", "StateMachine\StateMachine.csproj", "{E90FE062-0105-4A53-85E6-EF2582856F5A}"
EndProject
Project("{FAE04EC0-301F-11D3-BF4B-00C04F79EFBC}") = "StateMachine.Tests", "StateMachine.Tests\StateMachine.Tests.csproj", "{AB9EB703-07AC-44A7-A2D7-FE34D91DB414}"
EndProject
Project("{FAE04EC0-301F-11D3-BF4B-00C04F79EFBC}") = "Domain", "Domain\Domain.csproj", "{FB2B7FCA-61CF-4ADE-994F-4775DEEB4EED}"
EndProject
Project("{FAE04EC0-301F-11D3-BF4B-00C04F79EFBC}") = "Infrastructure", "Infrastructure\Infrastructure.csproj", "{5F08C1BA-B6AC-41DA-BE21-B97DFDB33A7D}"
EndProject
Project("{FAE04EC0-301F-11D3-BF4B-00C04F79EFBC}") = "SharedKernel", "SharedKernel\SharedKernel.csproj", "{3FD9102E-2C6F-4080-94E6-431ECD2BDBF8}"
EndProject
Project("{FAE04EC0-301F-11D3-BF4B-00C04F79EFBC}") = "Application", "Application\Application.csproj", "{50AD46CC-8F9C-484E-AE31-A52083A8C5ED}"
EndProject
Project("{FAE04EC0-301F-11D3-BF4B-00C04F79EFBC}") = "Presentation.Agent", "Presentation.Agent\Presentation.Agent.csproj", "{9F476F3A-033F-4F56-AE03-F44CD1FE7BC8}"
EndProject
Project("{2150E333-8FDC-42A3-9474-1A3956D46DE8}") = "DDD", "DDD", "{8BD5D11F-95FB-40D3-AFB5-EEA2CAFDE564}"
EndProject
Project("{2150E333-8FDC-42A3-9474-1A3956D46DE8}") = "StateMachine", "StateMachine", "{6CD84B85-9C16-4967-979F-572DD9006043}"
EndProject
Project("{FAE04EC0-301F-11D3-BF4B-00C04F79EFBC}") = "Presentation.Commander", "Presentation.Commander\Presentation.Commander.csproj", "{D02D8868-CA34-422B-B68B-9044E0BA8FB9}"
EndProject
Project("{FAE04EC0-301F-11D3-BF4B-00C04F79EFBC}") = "Presentation.Listener", "Presentation.Listener\Presentation.Listener.csproj", "{3E8162A9-ACA8-491A-9634-7A400686A78C}"
EndProject
Project("{FAE04EC0-301F-11D3-BF4B-00C04F79EFBC}") = "Presentation.Orchectrator", "Presentation.Orchectrator\Presentation.Orchectrator.csproj", "{CA4CC6B7-F39E-468A-94CD-098ADD27DA0A}"
EndProject
Project("{FAE04EC0-301F-11D3-BF4B-00C04F79EFBC}") = "ConsoleApp1", "ConsoleApp1\ConsoleApp1.csproj", "{0E5751CA-E66B-462A-8BEE-A7F9BAAF07C2}"
EndProject
Global
	GlobalSection(SolutionConfigurationPlatforms) = preSolution
		Debug|Any CPU = Debug|Any CPU
		Release|Any CPU = Release|Any CPU
	EndGlobalSection
	GlobalSection(ProjectConfigurationPlatforms) = postSolution
		{8056A6A4-2376-4297-93B4-3C0C73E6572F}.Debug|Any CPU.ActiveCfg = Debug|Any CPU
		{8056A6A4-2376-4297-93B4-3C0C73E6572F}.Debug|Any CPU.Build.0 = Debug|Any CPU
		{8056A6A4-2376-4297-93B4-3C0C73E6572F}.Release|Any CPU.ActiveCfg = Release|Any CPU
		{8056A6A4-2376-4297-93B4-3C0C73E6572F}.Release|Any CPU.Build.0 = Release|Any CPU
		{83D4A127-5534-4209-9A8C-FFFA25866F52}.Debug|Any CPU.ActiveCfg = Debug|Any CPU
		{83D4A127-5534-4209-9A8C-FFFA25866F52}.Debug|Any CPU.Build.0 = Debug|Any CPU
		{83D4A127-5534-4209-9A8C-FFFA25866F52}.Release|Any CPU.ActiveCfg = Release|Any CPU
		{83D4A127-5534-4209-9A8C-FFFA25866F52}.Release|Any CPU.Build.0 = Release|Any CPU
		{E90FE062-0105-4A53-85E6-EF2582856F5A}.Debug|Any CPU.ActiveCfg = Debug|Any CPU
		{E90FE062-0105-4A53-85E6-EF2582856F5A}.Debug|Any CPU.Build.0 = Debug|Any CPU
		{E90FE062-0105-4A53-85E6-EF2582856F5A}.Release|Any CPU.ActiveCfg = Release|Any CPU
		{E90FE062-0105-4A53-85E6-EF2582856F5A}.Release|Any CPU.Build.0 = Release|Any CPU
		{AB9EB703-07AC-44A7-A2D7-FE34D91DB414}.Debug|Any CPU.ActiveCfg = Debug|Any CPU
		{AB9EB703-07AC-44A7-A2D7-FE34D91DB414}.Debug|Any CPU.Build.0 = Debug|Any CPU
		{AB9EB703-07AC-44A7-A2D7-FE34D91DB414}.Release|Any CPU.ActiveCfg = Release|Any CPU
		{AB9EB703-07AC-44A7-A2D7-FE34D91DB414}.Release|Any CPU.Build.0 = Release|Any CPU
		{FB2B7FCA-61CF-4ADE-994F-4775DEEB4EED}.Debug|Any CPU.ActiveCfg = Debug|Any CPU
		{FB2B7FCA-61CF-4ADE-994F-4775DEEB4EED}.Debug|Any CPU.Build.0 = Debug|Any CPU
		{FB2B7FCA-61CF-4ADE-994F-4775DEEB4EED}.Release|Any CPU.ActiveCfg = Release|Any CPU
		{FB2B7FCA-61CF-4ADE-994F-4775DEEB4EED}.Release|Any CPU.Build.0 = Release|Any CPU
		{5F08C1BA-B6AC-41DA-BE21-B97DFDB33A7D}.Debug|Any CPU.ActiveCfg = Debug|Any CPU
		{5F08C1BA-B6AC-41DA-BE21-B97DFDB33A7D}.Debug|Any CPU.Build.0 = Debug|Any CPU
		{5F08C1BA-B6AC-41DA-BE21-B97DFDB33A7D}.Release|Any CPU.ActiveCfg = Release|Any CPU
		{5F08C1BA-B6AC-41DA-BE21-B97DFDB33A7D}.Release|Any CPU.Build.0 = Release|Any CPU
		{3FD9102E-2C6F-4080-94E6-431ECD2BDBF8}.Debug|Any CPU.ActiveCfg = Debug|Any CPU
		{3FD9102E-2C6F-4080-94E6-431ECD2BDBF8}.Debug|Any CPU.Build.0 = Debug|Any CPU
		{3FD9102E-2C6F-4080-94E6-431ECD2BDBF8}.Release|Any CPU.ActiveCfg = Release|Any CPU
		{3FD9102E-2C6F-4080-94E6-431ECD2BDBF8}.Release|Any CPU.Build.0 = Release|Any CPU
		{50AD46CC-8F9C-484E-AE31-A52083A8C5ED}.Debug|Any CPU.ActiveCfg = Debug|Any CPU
		{50AD46CC-8F9C-484E-AE31-A52083A8C5ED}.Debug|Any CPU.Build.0 = Debug|Any CPU
		{50AD46CC-8F9C-484E-AE31-A52083A8C5ED}.Release|Any CPU.ActiveCfg = Release|Any CPU
		{50AD46CC-8F9C-484E-AE31-A52083A8C5ED}.Release|Any CPU.Build.0 = Release|Any CPU
		{9F476F3A-033F-4F56-AE03-F44CD1FE7BC8}.Debug|Any CPU.ActiveCfg = Debug|Any CPU
		{9F476F3A-033F-4F56-AE03-F44CD1FE7BC8}.Debug|Any CPU.Build.0 = Debug|Any CPU
		{9F476F3A-033F-4F56-AE03-F44CD1FE7BC8}.Release|Any CPU.ActiveCfg = Release|Any CPU
		{9F476F3A-033F-4F56-AE03-F44CD1FE7BC8}.Release|Any CPU.Build.0 = Release|Any CPU
		{D02D8868-CA34-422B-B68B-9044E0BA8FB9}.Debug|Any CPU.ActiveCfg = Debug|Any CPU
		{D02D8868-CA34-422B-B68B-9044E0BA8FB9}.Debug|Any CPU.Build.0 = Debug|Any CPU
		{D02D8868-CA34-422B-B68B-9044E0BA8FB9}.Release|Any CPU.ActiveCfg = Release|Any CPU
		{D02D8868-CA34-422B-B68B-9044E0BA8FB9}.Release|Any CPU.Build.0 = Release|Any CPU
		{3E8162A9-ACA8-491A-9634-7A400686A78C}.Debug|Any CPU.ActiveCfg = Debug|Any CPU
		{3E8162A9-ACA8-491A-9634-7A400686A78C}.Debug|Any CPU.Build.0 = Debug|Any CPU
		{3E8162A9-ACA8-491A-9634-7A400686A78C}.Release|Any CPU.ActiveCfg = Release|Any CPU
		{3E8162A9-ACA8-491A-9634-7A400686A78C}.Release|Any CPU.Build.0 = Release|Any CPU
		{CA4CC6B7-F39E-468A-94CD-098ADD27DA0A}.Debug|Any CPU.ActiveCfg = Debug|Any CPU
		{CA4CC6B7-F39E-468A-94CD-098ADD27DA0A}.Debug|Any CPU.Build.0 = Debug|Any CPU
		{CA4CC6B7-F39E-468A-94CD-098ADD27DA0A}.Release|Any CPU.ActiveCfg = Release|Any CPU
		{CA4CC6B7-F39E-468A-94CD-098ADD27DA0A}.Release|Any CPU.Build.0 = Release|Any CPU
		{0E5751CA-E66B-462A-8BEE-A7F9BAAF07C2}.Debug|Any CPU.ActiveCfg = Debug|Any CPU
		{0E5751CA-E66B-462A-8BEE-A7F9BAAF07C2}.Debug|Any CPU.Build.0 = Debug|Any CPU
		{0E5751CA-E66B-462A-8BEE-A7F9BAAF07C2}.Release|Any CPU.ActiveCfg = Release|Any CPU
		{0E5751CA-E66B-462A-8BEE-A7F9BAAF07C2}.Release|Any CPU.Build.0 = Release|Any CPU
	EndGlobalSection
	GlobalSection(NestedProjects) = preSolution
		{50AD46CC-8F9C-484E-AE31-A52083A8C5ED} = {8BD5D11F-95FB-40D3-AFB5-EEA2CAFDE564}
		{FB2B7FCA-61CF-4ADE-994F-4775DEEB4EED} = {8BD5D11F-95FB-40D3-AFB5-EEA2CAFDE564}
		{5F08C1BA-B6AC-41DA-BE21-B97DFDB33A7D} = {8BD5D11F-95FB-40D3-AFB5-EEA2CAFDE564}
		{E90FE062-0105-4A53-85E6-EF2582856F5A} = {6CD84B85-9C16-4967-979F-572DD9006043}
		{AB9EB703-07AC-44A7-A2D7-FE34D91DB414} = {6CD84B85-9C16-4967-979F-572DD9006043}
		{3FD9102E-2C6F-4080-94E6-431ECD2BDBF8} = {8BD5D11F-95FB-40D3-AFB5-EEA2CAFDE564}
	EndGlobalSection
EndGlobal
